
Microsoft Visual Studio Solution File, Format Version 12.00
# Visual Studio Version 17
VisualStudioVersion = 17.6.33829.357
MinimumVisualStudioVersion = 10.0.40219.1
Project("{FAE04EC0-301F-11D3-BF4B-00C04F79EFBC}") = "Bai16_formatText", "Bai16_formatText\Bai16_formatText.csproj", "{4CE13079-608E-4AF1-BE9E-BE304C8E9773}"
EndProject
Global
	GlobalSection(SolutionConfigurationPlatforms) = preSolution
		Debug|Any CPU = Debug|Any CPU
		Release|Any CPU = Release|Any CPU
	EndGlobalSection
	GlobalSection(ProjectConfigurationPlatforms) = postSolution
		{4CE13079-608E-4AF1-BE9E-BE304C8E9773}.Debug|Any CPU.ActiveCfg = Debug|Any CPU
		{4CE13079-608E-4AF1-BE9E-BE304C8E9773}.Debug|Any CPU.Build.0 = Debug|Any CPU
		{4CE13079-608E-4AF1-BE9E-BE304C8E9773}.Release|Any CPU.ActiveCfg = Release|Any CPU
		{4CE13079-608E-4AF1-BE9E-BE304C8E9773}.Release|Any CPU.Build.0 = Release|Any CPU
	EndGlobalSection
	GlobalSection(SolutionProperties) = preSolution
		HideSolutionNode = FALSE
	EndGlobalSection
	GlobalSection(ExtensibilityGlobals) = postSolution
		SolutionGuid = {7426747A-4599-4643-926E-C256D6212C96}
	EndGlobalSection
EndGlobal
